
Microsoft Visual Studio Solution File, Format Version 12.00
# Visual Studio Version 17
VisualStudioVersion = 17.4.33103.184
MinimumVisualStudioVersion = 10.0.40219.1
Project("{FAE04EC0-301F-11D3-BF4B-00C04F79EFBC}") = "FemCourseProject", "FemCourseProject.csproj", "{D4BC6454-25E8-41C2-81CE-E9E75E6D9CFA}"
EndProject
Global
	GlobalSection(SolutionConfigurationPlatforms) = preSolution
		Debug|Any CPU = Debug|Any CPU
		Release|Any CPU = Release|Any CPU
	EndGlobalSection
	GlobalSection(ProjectConfigurationPlatforms) = postSolution
		{D4BC6454-25E8-41C2-81CE-E9E75E6D9CFA}.Debug|Any CPU.ActiveCfg = Debug|Any CPU
		{D4BC6454-25E8-41C2-81CE-E9E75E6D9CFA}.Debug|Any CPU.Build.0 = Debug|Any CPU
		{D4BC6454-25E8-41C2-81CE-E9E75E6D9CFA}.Release|Any CPU.ActiveCfg = Release|Any CPU
		{D4BC6454-25E8-41C2-81CE-E9E75E6D9CFA}.Release|Any CPU.Build.0 = Release|Any CPU
	EndGlobalSection
	GlobalSection(SolutionProperties) = preSolution
		HideSolutionNode = FALSE
	EndGlobalSection
	GlobalSection(ExtensibilityGlobals) = postSolution
		SolutionGuid = {DFCF873C-944C-49C3-AEE7-51B89CD65321}
	EndGlobalSection
EndGlobal
